<Solution>
  <Project Path="Sim.Api/SIM.WebApi.csproj" />
  <Project Path="Sim.Application/Sim.Application.csproj" DisplayName="SIM.Application" />
  <Project Path="Sim.Domain/Sim.Domain.csproj" DisplayName="SIM.Domain" />
  <Project Path="Sim.Infrastructure/Sim.Infrastructure.csproj" DisplayName="SIM.Infrastructure" />
</Solution>
